Microsoft Visual Studio Solution File, Format Version 12.00
# Visual Studio Version 16
VisualStudioVersion = 16.0.30104.148
MinimumVisualStudioVersion = 10.0.40219.1
Project("{9A19103F-16F7-4668-BE54-9A1E7A4F7556}") = "Assembly-CSharp.LSIIC.mm", "Assembly-CSharp.LSIIC.mm\Assembly-CSharp.LSIIC.mm.csproj", "{B34FC002-EC3E-4BBA-814C-785F7E9E0D85}"
EndProject
Project("{9A19103F-16F7-4668-BE54-9A1E7A4F7556}") = "LSIIC.Core", "LSIIC.Core\LSIIC.Core.csproj", "{D2CF7D22-05FF-4CE8-ABBB-1849390FE581}"
EndProject
Global
	GlobalSection(SolutionConfigurationPlatforms) = preSolution
		Debug|Any CPU = Debug|Any CPU
		Release|Any CPU = Release|Any CPU
	EndGlobalSection
	GlobalSection(ProjectConfigurationPlatforms) = postSolution
		{B34FC002-EC3E-4BBA-814C-785F7E9E0D85}.Debug|Any CPU.ActiveCfg = Debug|Any CPU
		{B34FC002-EC3E-4BBA-814C-785F7E9E0D85}.Debug|Any CPU.Build.0 = Debug|Any CPU
		{B34FC002-EC3E-4BBA-814C-785F7E9E0D85}.Release|Any CPU.ActiveCfg = Release|Any CPU
		{B34FC002-EC3E-4BBA-814C-785F7E9E0D85}.Release|Any CPU.Build.0 = Release|Any CPU
		{D2CF7D22-05FF-4CE8-ABBB-1849390FE581}.Debug|Any CPU.ActiveCfg = Debug|Any CPU
		{D2CF7D22-05FF-4CE8-ABBB-1849390FE581}.Debug|Any CPU.Build.0 = Debug|Any CPU
		{D2CF7D22-05FF-4CE8-ABBB-1849390FE581}.Release|Any CPU.ActiveCfg = Release|Any CPU
		{D2CF7D22-05FF-4CE8-ABBB-1849390FE581}.Release|Any CPU.Build.0 = Release|Any CPU
	EndGlobalSection
	GlobalSection(SolutionProperties) = preSolution
		HideSolutionNode = FALSE
	EndGlobalSection
	GlobalSection(ExtensibilityGlobals) = postSolution
		SolutionGuid = {E938B7EE-D647-4104-A829-767F4D43E3F1}
	EndGlobalSection
EndGlobal
